
Microsoft Visual Studio Solution File, Format Version 12.00
# Visual Studio Version 17
VisualStudioVersion = 17.10.35122.118
MinimumVisualStudioVersion = 10.0.40219.1
Project("{FAE04EC0-301F-11D3-BF4B-00C04F79EFBC}") = "Stipendii", "Izpitvane0611\Stipendii.csproj", "{84981E3C-DC82-4E7B-8FB9-6E06FB991FCD}"
EndProject
Global
	GlobalSection(SolutionConfigurationPlatforms) = preSolution
		Debug|Any CPU = Debug|Any CPU
		Release|Any CPU = Release|Any CPU
	EndGlobalSection
	GlobalSection(ProjectConfigurationPlatforms) = postSolution
		{84981E3C-DC82-4E7B-8FB9-6E06FB991FCD}.Debug|Any CPU.ActiveCfg = Debug|Any CPU
		{84981E3C-DC82-4E7B-8FB9-6E06FB991FCD}.Debug|Any CPU.Build.0 = Debug|Any CPU
		{84981E3C-DC82-4E7B-8FB9-6E06FB991FCD}.Release|Any CPU.ActiveCfg = Release|Any CPU
		{84981E3C-DC82-4E7B-8FB9-6E06FB991FCD}.Release|Any CPU.Build.0 = Release|Any CPU
	EndGlobalSection
	GlobalSection(SolutionProperties) = preSolution
		HideSolutionNode = FALSE
	EndGlobalSection
	GlobalSection(ExtensibilityGlobals) = postSolution
		SolutionGuid = {54EED999-A792-4289-AAF9-664FC45C23CD}
	EndGlobalSection
EndGlobal
